
Microsoft Visual Studio Solution File, Format Version 12.00
# Visual Studio Version 16
VisualStudioVersion = 16.0.29025.244
MinimumVisualStudioVersion = 10.0.40219.1
Project("{FAE04EC0-301F-11D3-BF4B-00C04F79EFBC}") = "Consoleapp", "Consoleapp\Consoleapp.csproj", "{37FE28C8-EE57-4C9F-8EAE-80D6D7D4DB0A}"
EndProject
Global
	GlobalSection(SolutionConfigurationPlatforms) = preSolution
		Debug|Any CPU = Debug|Any CPU
		Release|Any CPU = Release|Any CPU
	EndGlobalSection
	GlobalSection(ProjectConfigurationPlatforms) = postSolution
		{37FE28C8-EE57-4C9F-8EAE-80D6D7D4DB0A}.Debug|Any CPU.ActiveCfg = Debug|Any CPU
		{37FE28C8-EE57-4C9F-8EAE-80D6D7D4DB0A}.Debug|Any CPU.Build.0 = Debug|Any CPU
		{37FE28C8-EE57-4C9F-8EAE-80D6D7D4DB0A}.Release|Any CPU.ActiveCfg = Release|Any CPU
		{37FE28C8-EE57-4C9F-8EAE-80D6D7D4DB0A}.Release|Any CPU.Build.0 = Release|Any CPU
	EndGlobalSection
	GlobalSection(SolutionProperties) = preSolution
		HideSolutionNode = FALSE
	EndGlobalSection
	GlobalSection(ExtensibilityGlobals) = postSolution
		SolutionGuid = {015B141F-C811-4FB2-81FA-AAE3648DA007}
	EndGlobalSection
EndGlobal
